// !$*UTF8*$!
{
	archiveVersion = 1;
	classes = {
	};
	objectVersion = 55;
	objects = {

/* Begin PBXBuildFile section */
		2D3A5C1228BF7730001BC73E /* AppDelegate.swift in Sources */ = {isa = PBXBuildFile; fileRef = 2D3A5C1128BF7730001BC73E /* AppDelegate.swift */; };
		2D3A5C1428BF7730001BC73E /* SceneDelegate.swift in Sources */ = {isa = PBXBuildFile; fileRef = 2D3A5C1328BF7730001BC73E /* SceneDelegate.swift */; };
		2D3A5C1628BF7730001BC73E /* ViewController.swift in Sources */ = {isa = PBXBuildFile; fileRef = 2D3A5C1528BF7730001BC73E /* ViewController.swift */; };
		2D3A5C1928BF7730001BC73E /* Main.storyboard in Resources */ = {isa = PBXBuildFile; fileRef = 2D3A5C1728BF7730001BC73E /* Main.storyboard */; };
		2D3A5C1C28BF7730001BC73E /* task_28_Elizbar_MVVM.xcdatamodeld in Sources */ = {isa = PBXBuildFile; fileRef = 2D3A5C1A28BF7730001BC73E /* task_28_Elizbar_MVVM.xcdatamodeld */; };
		2D3A5C1E28BF7733001BC73E /* Assets.xcassets in Resources */ = {isa = PBXBuildFile; fileRef = 2D3A5C1D28BF7733001BC73E /* Assets.xcassets */; };
		2D3A5C2128BF7733001BC73E /* LaunchScreen.storyboard in Resources */ = {isa = PBXBuildFile; fileRef = 2D3A5C1F28BF7733001BC73E /* LaunchScreen.storyboard */; };
		2D3A5C2A28BF81B2001BC73E /* WeatherModel.swift in Sources */ = {isa = PBXBuildFile; fileRef = 2D3A5C2928BF81B2001BC73E /* WeatherModel.swift */; };
		2D3A5C2E28BF8388001BC73E /* SearchWeaterViewModel.swift in Sources */ = {isa = PBXBuildFile; fileRef = 2D3A5C2D28BF8388001BC73E /* SearchWeaterViewModel.swift */; };
		2D3A5C3028BF839A001BC73E /* WeatherDetailsViewModel.swift in Sources */ = {isa = PBXBuildFile; fileRef = 2D3A5C2F28BF839A001BC73E /* WeatherDetailsViewModel.swift */; };
		2D3A5C3628BF8879001BC73E /* NetworkService.swift in Sources */ = {isa = PBXBuildFile; fileRef = 2D3A5C3528BF8879001BC73E /* NetworkService.swift */; };
		2D3A5C3828BF8B8E001BC73E /* ObservalbeObject.swift in Sources */ = {isa = PBXBuildFile; fileRef = 2D3A5C3728BF8B8E001BC73E /* ObservalbeObject.swift */; };
		2D3A5C3A28BF8E9B001BC73E /* WeatherDetailsViewController.swift in Sources */ = {isa = PBXBuildFile; fileRef = 2D3A5C3928BF8E9B001BC73E /* WeatherDetailsViewController.swift */; };
/* End PBXBuildFile section */

/* Begin PBXFileReference section */
		2D3A5C0E28BF7730001BC73E /* task_28_Elizbar_MVVM.app */ = {isa = PBXFileReference; explicitFileType = wrapper.application; includeInIndex = 0; path = task_28_Elizbar_MVVM.app; sourceTree = BUILT_PRODUCTS_DIR; };
		2D3A5C1128BF7730001BC73E /* AppDelegate.swift */ = {isa = PBXFileReference; lastKnownFileType = sourcecode.swift; path = AppDelegate.swift; sourceTree = "<group>"; };
		2D3A5C1328BF7730001BC73E /* SceneDelegate.swift */ = {isa = PBXFileReference; lastKnownFileType = sourcecode.swift; path = SceneDelegate.swift; sourceTree = "<group>"; };
		2D3A5C1528BF7730001BC73E /* ViewController.swift */ = {isa = PBXFileReference; lastKnownFileType = sourcecode.swift; path = ViewController.swift; sourceTree = "<group>"; };
		2D3A5C1828BF7730001BC73E /* Base */ = {isa = PBXFileReference; lastKnownFileType = file.storyboard; name = Base; path = Base.lproj/Main.storyboard; sourceTree = "<group>"; };
		2D3A5C1B28BF7730001BC73E /* task_28_Elizbar_MVVM.xcdatamodel */ = {isa = PBXFileReference; lastKnownFileType = wrapper.xcdatamodel; path = task_28_Elizbar_MVVM.xcdatamodel; sourceTree = "<group>"; };
		2D3A5C1D28BF7733001BC73E /* Assets.xcassets */ = {isa = PBXFileReference; lastKnownFileType = folder.assetcatalog; path = Assets.xcassets; sourceTree = "<group>"; };
		2D3A5C2028BF7733001BC73E /* Base */ = {isa = PBXFileReference; lastKnownFileType = file.storyboard; name = Base; path = Base.lproj/LaunchScreen.storyboard; sourceTree = "<group>"; };
		2D3A5C2228BF7733001BC73E /* Info.plist */ = {isa = PBXFileReference; lastKnownFileType = text.plist.xml; path = Info.plist; sourceTree = "<group>"; };
		2D3A5C2928BF81B2001BC73E /* WeatherModel.swift */ = {isa = PBXFileReference; lastKnownFileType = sourcecode.swift; path = WeatherModel.swift; sourceTree = "<group>"; };
		2D3A5C2D28BF8388001BC73E /* SearchWeaterViewModel.swift */ = {isa = PBXFileReference; lastKnownFileType = sourcecode.swift; path = SearchWeaterViewModel.swift; sourceTree = "<group>"; };
		2D3A5C2F28BF839A001BC73E /* WeatherDetailsViewModel.swift */ = {isa = PBXFileReference; lastKnownFileType = sourcecode.swift; path = WeatherDetailsViewModel.swift; sourceTree = "<group>"; };
		2D3A5C3528BF8879001BC73E /* NetworkService.swift */ = {isa = PBXFileReference; lastKnownFileType = sourcecode.swift; path = NetworkService.swift; sourceTree = "<group>"; };
		2D3A5C3728BF8B8E001BC73E /* ObservalbeObject.swift */ = {isa = PBXFileReference; lastKnownFileType = sourcecode.swift; path = ObservalbeObject.swift; sourceTree = "<group>"; };
		2D3A5C3928BF8E9B001BC73E /* WeatherDetailsViewController.swift */ = {isa = PBXFileReference; lastKnownFileType = sourcecode.swift; path = WeatherDetailsViewController.swift; sourceTree = "<group>"; };
/* End PBXFileReference section */

/* Begin PBXFrameworksBuildPhase section */
		2D3A5C0B28BF7730001BC73E /* Frameworks */ = {
			isa = PBXFrameworksBuildPhase;
			buildActionMask = 2147483647;
			files = (
			);
			runOnlyForDeploymentPostprocessing = 0;
		};
/* End PBXFrameworksBuildPhase section */

/* Begin PBXGroup section */
		2D3A5C0528BF7730001BC73E = {
			isa = PBXGroup;
			children = (
				2D3A5C1028BF7730001BC73E /* task_28_Elizbar_MVVM */,
				2D3A5C0F28BF7730001BC73E /* Products */,
			);
			sourceTree = "<group>";
		};
		2D3A5C0F28BF7730001BC73E /* Products */ = {
			isa = PBXGroup;
			children = (
				2D3A5C0E28BF7730001BC73E /* task_28_Elizbar_MVVM.app */,
			);
			name = Products;
			sourceTree = "<group>";
		};
		2D3A5C1028BF7730001BC73E /* task_28_Elizbar_MVVM */ = {
			isa = PBXGroup;
			children = (
				2D3A5C2B28BF836E001BC73E /* ViewModels */,
				2D3A5C2828BF819B001BC73E /* Model */,
				2D3A5C1128BF7730001BC73E /* AppDelegate.swift */,
				2D3A5C1328BF7730001BC73E /* SceneDelegate.swift */,
				2D3A5C1528BF7730001BC73E /* ViewController.swift */,
				2D3A5C1728BF7730001BC73E /* Main.storyboard */,
				2D3A5C1D28BF7733001BC73E /* Assets.xcassets */,
				2D3A5C1F28BF7733001BC73E /* LaunchScreen.storyboard */,
				2D3A5C2228BF7733001BC73E /* Info.plist */,
				2D3A5C1A28BF7730001BC73E /* task_28_Elizbar_MVVM.xcdatamodeld */,
				2D3A5C3528BF8879001BC73E /* NetworkService.swift */,
				2D3A5C3728BF8B8E001BC73E /* ObservalbeObject.swift */,
				2D3A5C3928BF8E9B001BC73E /* WeatherDetailsViewController.swift */,
			);
			path = task_28_Elizbar_MVVM;
			sourceTree = "<group>";
		};
		2D3A5C2828BF819B001BC73E /* Model */ = {
			isa = PBXGroup;
			children = (
				2D3A5C2928BF81B2001BC73E /* WeatherModel.swift */,
			);
			name = Model;
			sourceTree = "<group>";
		};
		2D3A5C2B28BF836E001BC73E /* ViewModels */ = {
			isa = PBXGroup;
			children = (
				2D3A5C2D28BF8388001BC73E /* SearchWeaterViewModel.swift */,
				2D3A5C2F28BF839A001BC73E /* WeatherDetailsViewModel.swift */,
			);
			name = ViewModels;
			sourceTree = "<group>";
		};
/* End PBXGroup section */

/* Begin PBXNativeTarget section */
		2D3A5C0D28BF7730001BC73E /* task_28_Elizbar_MVVM */ = {
			isa = PBXNativeTarget;
			buildConfigurationList = 2D3A5C2528BF7733001BC73E /* Build configuration list for PBXNativeTarget "task_28_Elizbar_MVVM" */;
			buildPhases = (
				2D3A5C0A28BF7730001BC73E /* Sources */,
				2D3A5C0B28BF7730001BC73E /* Frameworks */,
				2D3A5C0C28BF7730001BC73E /* Resources */,
			);
			buildRules = (
			);
			dependencies = (
			);
			name = task_28_Elizbar_MVVM;
			productName = task_28_Elizbar_MVVM;
			productReference = 2D3A5C0E28BF7730001BC73E /* task_28_Elizbar_MVVM.app */;
			productType = "com.apple.product-type.application";
		};
/* End PBXNativeTarget section */

/* Begin PBXProject section */
		2D3A5C0628BF7730001BC73E /* Project object */ = {
			isa = PBXProject;
			attributes = {
				BuildIndependentTargetsInParallel = 1;
				LastSwiftUpdateCheck = 1340;
				LastUpgradeCheck = 1340;
				TargetAttributes = {
					2D3A5C0D28BF7730001BC73E = {
						CreatedOnToolsVersion = 13.4.1;
					};
				};
			};
			buildConfigurationList = 2D3A5C0928BF7730001BC73E /* Build configuration list for PBXProject "task_28_Elizbar_MVVM" */;
			compatibilityVersion = "Xcode 13.0";
			developmentRegion = en;
			hasScannedForEncodings = 0;
			knownRegions = (
				en,
				Base,
			);
			mainGroup = 2D3A5C0528BF7730001BC73E;
			productRefGroup = 2D3A5C0F28BF7730001BC73E /* Products */;
			projectDirPath = "";
			projectRoot = "";
			targets = (
				2D3A5C0D28BF7730001BC73E /* task_28_Elizbar_MVVM */,
			);
		};
/* End PBXProject section */

/* Begin PBXResourcesBuildPhase section */
		2D3A5C0C28BF7730001BC73E /* Resources */ = {
			isa = PBXResourcesBuildPhase;
			buildActionMask = 2147483647;
			files = (
				2D3A5C2128BF7733001BC73E /* LaunchScreen.storyboard in Resources */,
				2D3A5C1E28BF7733001BC73E /* Assets.xcassets in Resources */,
				2D3A5C1928BF7730001BC73E /* Main.storyboard in Resources */,
			);
			runOnlyForDeploymentPostprocessing = 0;
		};
/* End PBXResourcesBuildPhase section */

/* Begin PBXSourcesBuildPhase section */
		2D3A5C0A28BF7730001BC73E /* Sources */ = {
			isa = PBXSourcesBuildPhase;
			buildActionMask = 2147483647;
			files = (
				2D3A5C3828BF8B8E001BC73E /* ObservalbeObject.swift in Sources */,
				2D3A5C3628BF8879001BC73E /* NetworkService.swift in Sources */,
				2D3A5C1628BF7730001BC73E /* ViewController.swift in Sources */,
				2D3A5C1228BF7730001BC73E /* AppDelegate.swift in Sources */,
				2D3A5C3028BF839A001BC73E /* WeatherDetailsViewModel.swift in Sources */,
				2D3A5C2E28BF8388001BC73E /* SearchWeaterViewModel.swift in Sources */,
				2D3A5C3A28BF8E9B001BC73E /* WeatherDetailsViewController.swift in Sources */,
				2D3A5C1C28BF7730001BC73E /* task_28_Elizbar_MVVM.xcdatamodeld in Sources */,
				2D3A5C1428BF7730001BC73E /* SceneDelegate.swift in Sources */,
				2D3A5C2A28BF81B2001BC73E /* WeatherModel.swift in Sources */,
			);
			runOnlyForDeploymentPostprocessing = 0;
		};
/* End PBXSourcesBuildPhase section */

/* Begin PBXVariantGroup section */
		2D3A5C1728BF7730001BC73E /* Main.storyboard */ = {
			isa = PBXVariantGroup;
			children = (
				2D3A5C1828BF7730001BC73E /* Base */,
			);
			name = Main.storyboard;
			sourceTree = "<group>";
		};
		2D3A5C1F28BF7733001BC73E /* LaunchScreen.storyboard */ = {
			isa = PBXVariantGroup;
			children = (
				2D3A5C2028BF7733001BC73E /* Base */,
			);
			name = LaunchScreen.storyboard;
			sourceTree = "<group>";
		};
/* End PBXVariantGroup section */

/* Begin XCBuildConfiguration section */
		2D3A5C2328BF7733001BC73E /* Debug */ = {
			isa = XCBuildConfiguration;
			buildSettings = {
				ALWAYS_SEARCH_USER_PATHS = NO;
				CLANG_ANALYZER_NONNULL = YES;
				CLANG_ANALYZER_NUMBER_OBJECT_CONVERSION = YES_AGGRESSIVE;
				CLANG_CXX_LANGUAGE_STANDARD = "gnu++17";
				CLANG_ENABLE_MODULES = YES;
				CLANG_ENABLE_OBJC_ARC = YES;
				CLANG_ENABLE_OBJC_WEAK = YES;
				CLANG_WARN_BLOCK_CAPTURE_AUTORELEASING = YES;
				CLANG_WARN_BOOL_CONVERSION = YES;
				CLANG_WARN_COMMA = YES;
				CLANG_WARN_CONSTANT_CONVERSION = YES;
				CLANG_WARN_DEPRECATED_OBJC_IMPLEMENTATIONS = YES;
				CLANG_WARN_DIRECT_OBJC_ISA_USAGE = YES_ERROR;
				CLANG_WARN_DOCUMENTATION_COMMENTS = YES;
				CLANG_WARN_EMPTY_BODY = YES;
				CLANG_WARN_ENUM_CONVERSION = YES;
				CLANG_WARN_INFINITE_RECURSION = YES;
				CLANG_WARN_INT_CONVERSION = YES;
				CLANG_WARN_NON_LITERAL_NULL_CONVERSION = YES;
				CLANG_WARN_OBJC_IMPLICIT_RETAIN_SELF = YES;
				CLANG_WARN_OBJC_LITERAL_CONVERSION = YES;
				CLANG_WARN_OBJC_ROOT_CLASS = YES_ERROR;
				CLANG_WARN_QUOTED_INCLUDE_IN_FRAMEWORK_HEADER = YES;
				CLANG_WARN_RANGE_LOOP_ANALYSIS = YES;
				CLANG_WARN_STRICT_PROTOTYPES = YES;
				CLANG_WARN_SUSPICIOUS_MOVE = YES;
				CLANG_WARN_UNGUARDED_AVAILABILITY = YES_AGGRESSIVE;
				CLANG_WARN_UNREACHABLE_CODE = YES;
				CLANG_WARN__DUPLICATE_METHOD_MATCH = YES;
				COPY_PHASE_STRIP = NO;
				DEBUG_INFORMATION_FORMAT = dwarf;
				ENABLE_STRICT_OBJC_MSGSEND = YES;
				ENABLE_TESTABILITY = YES;
				GCC_C_LANGUAGE_STANDARD = gnu11;
				GCC_DYNAMIC_NO_PIC = NO;
				GCC_NO_COMMON_BLOCKS = YES;
				GCC_OPTIMIZATION_LEVEL = 0;
				GCC_PREPROCESSOR_DEFINITIONS = (
					"DEBUG=1",
					"$(inherited)",
				);
				GCC_WARN_64_TO_32_BIT_CONVERSION = YES;
				GCC_WARN_ABOUT_RETURN_TYPE = YES_ERROR;
				GCC_WARN_UNDECLARED_SELECTOR = YES;
				GCC_WARN_UNINITIALIZED_AUTOS = YES_AGGRESSIVE;
				GCC_WARN_UNUSED_FUNCTION = YES;
				GCC_WARN_UNUSED_VARIABLE = YES;
				IPHONEOS_DEPLOYMENT_TARGET = 15.5;
				MTL_ENABLE_DEBUG_INFO = INCLUDE_SOURCE;
				MTL_FAST_MATH = YES;
				ONLY_ACTIVE_ARCH = YES;
				SDKROOT = iphoneos;
				SWIFT_ACTIVE_COMPILATION_CONDITIONS = DEBUG;
				SWIFT_OPTIMIZATION_LEVEL = "-Onone";
			};
			name = Debug;
		};
		2D3A5C2428BF7733001BC73E /* Release */ = {
			isa = XCBuildConfiguration;
			buildSettings = {
				ALWAYS_SEARCH_USER_PATHS = NO;
				CLANG_ANALYZER_NONNULL = YES;
				CLANG_ANALYZER_NUMBER_OBJECT_CONVERSION = YES_AGGRESSIVE;
				CLANG_CXX_LANGUAGE_STANDARD = "gnu++17";
				CLANG_ENABLE_MODULES = YES;
				CLANG_ENABLE_OBJC_ARC = YES;
				CLANG_ENABLE_OBJC_WEAK = YES;
				CLANG_WARN_BLOCK_CAPTURE_AUTORELEASING = YES;
				CLANG_WARN_BOOL_CONVERSION = YES;
				CLANG_WARN_COMMA = YES;
				CLANG_WARN_CONSTANT_CONVERSION = YES;
				CLANG_WARN_DEPRECATED_OBJC_IMPLEMENTATIONS = YES;
				CLANG_WARN_DIRECT_OBJC_ISA_USAGE = YES_ERROR;
				CLANG_WARN_DOCUMENTATION_COMMENTS = YES;
				CLANG_WARN_EMPTY_BODY = YES;
				CLANG_WARN_ENUM_CONVERSION = YES;
				CLANG_WARN_INFINITE_RECURSION = YES;
				CLANG_WARN_INT_CONVERSION = YES;
				CLANG_WARN_NON_LITERAL_NULL_CONVERSION = YES;
				CLANG_WARN_OBJC_IMPLICIT_RETAIN_SELF = YES;
				CLANG_WARN_OBJC_LITERAL_CONVERSION = YES;
				CLANG_WARN_OBJC_ROOT_CLASS = YES_ERROR;
				CLANG_WARN_QUOTED_INCLUDE_IN_FRAMEWORK_HEADER = YES;
				CLANG_WARN_RANGE_LOOP_ANALYSIS = YES;
				CLANG_WARN_STRICT_PROTOTYPES = YES;
				CLANG_WARN_SUSPICIOUS_MOVE = YES;
				CLANG_WARN_UNGUARDED_AVAILABILITY = YES_AGGRESSIVE;
				CLANG_WARN_UNREACHABLE_CODE = YES;
				CLANG_WARN__DUPLICATE_METHOD_MATCH = YES;
				COPY_PHASE_STRIP = NO;
				DEBUG_INFORMATION_FORMAT = "dwarf-with-dsym";
				ENABLE_NS_ASSERTIONS = NO;
				ENABLE_STRICT_OBJC_MSGSEND = YES;
				GCC_C_LANGUAGE_STANDARD = gnu11;
				GCC_NO_COMMON_BLOCKS = YES;
				GCC_WARN_64_TO_32_BIT_CONVERSION = YES;
				GCC_WARN_ABOUT_RETURN_TYPE = YES_ERROR;
				GCC_WARN_UNDECLARED_SELECTOR = YES;
				GCC_WARN_UNINITIALIZED_AUTOS = YES_AGGRESSIVE;
				GCC_WARN_UNUSED_FUNCTION = YES;
				GCC_WARN_UNUSED_VARIABLE = YES;
				IPHONEOS_DEPLOYMENT_TARGET = 15.5;
				MTL_ENABLE_DEBUG_INFO = NO;
				MTL_FAST_MATH = YES;
				SDKROOT = iphoneos;
				SWIFT_COMPILATION_MODE = wholemodule;
				SWIFT_OPTIMIZATION_LEVEL = "-O";
				VALIDATE_PRODUCT = YES;
			};
			name = Release;
		};
		2D3A5C2628BF7733001BC73E /* Debug */ = {
			isa = XCBuildConfiguration;
			buildSettings = {
				ASSETCATALOG_COMPILER_APPICON_NAME = AppIcon;
				ASSETCATALOG_COMPILER_GLOBAL_ACCENT_COLOR_NAME = AccentColor;
				CODE_SIGN_STYLE = Automatic;
				CURRENT_PROJECT_VERSION = 1;
				DEVELOPMENT_TEAM = R2WDS6ZMQ6;
				GENERATE_INFOPLIST_FILE = YES;
				INFOPLIST_FILE = task_28_Elizbar_MVVM/Info.plist;
				INFOPLIST_KEY_UIApplicationSupportsIndirectInputEvents = YES;
				INFOPLIST_KEY_UILaunchStoryboardName = LaunchScreen;
				INFOPLIST_KEY_UIMainStoryboardFile = Main;
				INFOPLIST_KEY_UISupportedInterfaceOrientations_iPad = "UIInterfaceOrientationPortrait UIInterfaceOrientationPortraitUpsideDown UIInterfaceOrientationLandscapeLeft UIInterfaceOrientationLandscapeRight";
				INFOPLIST_KEY_UISupportedInterfaceOrientations_iPhone = "UIInterfaceOrientationPortrait UIInterfaceOrientationLandscapeLeft UIInterfaceOrientationLandscapeRight";
				LD_RUNPATH_SEARCH_PATHS = (
					"$(inherited)",
					"@executable_path/Frameworks",
				);
				MARKETING_VERSION = 1.0;
				PRODUCT_BUNDLE_IDENTIFIER = "Elizbar-Personal.task-28-Elizbar-MVVM";
				PRODUCT_NAME = "$(TARGET_NAME)";
				SWIFT_EMIT_LOC_STRINGS = YES;
				SWIFT_VERSION = 5.0;
				TARGETED_DEVICE_FAMILY = "1,2";
			};
			name = Debug;
		};
		2D3A5C2728BF7733001BC73E /* Release */ = {
			isa = XCBuildConfiguration;
			buildSettings = {
				ASSETCATALOG_COMPILER_APPICON_NAME = AppIcon;
				ASSETCATALOG_COMPILER_GLOBAL_ACCENT_COLOR_NAME = AccentColor;
				CODE_SIGN_STYLE = Automatic;
				CURRENT_PROJECT_VERSION = 1;
				DEVELOPMENT_TEAM = R2WDS6ZMQ6;
				GENERATE_INFOPLIST_FILE = YES;
				INFOPLIST_FILE = task_28_Elizbar_MVVM/Info.plist;
				INFOPLIST_KEY_UIApplicationSupportsIndirectInputEvents = YES;
				INFOPLIST_KEY_UILaunchStoryboardName = LaunchScreen;
				INFOPLIST_KEY_UIMainStoryboardFile = Main;
				INFOPLIST_KEY_UISupportedInterfaceOrientations_iPad = "UIInterfaceOrientationPortrait UIInterfaceOrientationPortraitUpsideDown UIInterfaceOrientationLandscapeLeft UIInterfaceOrientationLandscapeRight";
				INFOPLIST_KEY_UISupportedInterfaceOrientations_iPhone = "UIInterfaceOrientationPortrait UIInterfaceOrientationLandscapeLeft UIInterfaceOrientationLandscapeRight";
				LD_RUNPATH_SEARCH_PATHS = (
					"$(inherited)",
					"@executable_path/Frameworks",
				);
				MARKETING_VERSION = 1.0;
				PRODUCT_BUNDLE_IDENTIFIER = "Elizbar-Personal.task-28-Elizbar-MVVM";
				PRODUCT_NAME = "$(TARGET_NAME)";
				SWIFT_EMIT_LOC_STRINGS = YES;
				SWIFT_VERSION = 5.0;
				TARGETED_DEVICE_FAMILY = "1,2";
			};
			name = Release;
		};
/* End XCBuildConfiguration section */

/* Begin XCConfigurationList section */
		2D3A5C0928BF7730001BC73E /* Build configuration list for PBXProject "task_28_Elizbar_MVVM" */ = {
			isa = XCConfigurationList;
			buildConfigurations = (
				2D3A5C2328BF7733001BC73E /* Debug */,
				2D3A5C2428BF7733001BC73E /* Release */,
			);
			defaultConfigurationIsVisible = 0;
			defaultConfigurationName = Release;
		};
		2D3A5C2528BF7733001BC73E /* Build configuration list for PBXNativeTarget "task_28_Elizbar_MVVM" */ = {
			isa = XCConfigurationList;
			buildConfigurations = (
				2D3A5C2628BF7733001BC73E /* Debug */,
				2D3A5C2728BF7733001BC73E /* Release */,
			);
			defaultConfigurationIsVisible = 0;
			defaultConfigurationName = Release;
		};
/* End XCConfigurationList section */

/* Begin XCVersionGroup section */
		2D3A5C1A28BF7730001BC73E /* task_28_Elizbar_MVVM.xcdatamodeld */ = {
			isa = XCVersionGroup;
			children = (
				2D3A5C1B28BF7730001BC73E /* task_28_Elizbar_MVVM.xcdatamodel */,
			);
			currentVersion = 2D3A5C1B28BF7730001BC73E /* task_28_Elizbar_MVVM.xcdatamodel */;
			path = task_28_Elizbar_MVVM.xcdatamodeld;
			sourceTree = "<group>";
			versionGroupType = wrapper.xcdatamodel;
		};
/* End XCVersionGroup section */
	};
	rootObject = 2D3A5C0628BF7730001BC73E /* Project object */;
}
